// !$*UTF8*$!
{
	archiveVersion = 1;
	classes = {
	};
	objectVersion = 50;
	objects = {

/* Begin PBXBuildFile section */
		A361EACC212F8FBB001ABB7B /* PrinterManager.m in Sources */ = {isa = PBXBuildFile; fileRef = A361EACB212F8FBB001ABB7B /* PrinterManager.m */; };
		A361EACF212FB44D001ABB7B /* GCDAsyncSocket.m in Sources */ = {isa = PBXBuildFile; fileRef = A361EACD212FB44D001ABB7B /* GCDAsyncSocket.m */; };
		A3DB3E8521269D96007A4346 /* ReactNativePrinter.m in Sources */ = {isa = PBXBuildFile; fileRef = A3DB3E8421269D96007A4346 /* ReactNativePrinter.m */; };
		A3DB3E8621269D96007A4346 /* ReactNativePrinter.h in CopyFiles */ = {isa = PBXBuildFile; fileRef = A3DB3E8321269D96007A4346 /* ReactNativePrinter.h */; };
/* End PBXBuildFile section */

/* Begin PBXCopyFilesBuildPhase section */
		A3DB3E7E21269D96007A4346 /* CopyFiles */ = {
			isa = PBXCopyFilesBuildPhase;
			buildActionMask = 2147483647;
			dstPath = "include/$(PRODUCT_NAME)";
			dstSubfolderSpec = 16;
			files = (
				A3DB3E8621269D96007A4346 /* ReactNativePrinter.h in CopyFiles */,
			);
			runOnlyForDeploymentPostprocessing = 0;
		};
/* End PBXCopyFilesBuildPhase section */

/* Begin PBXFileReference section */
		A361EACA212F8FBB001ABB7B /* PrinterManager.h */ = {isa = PBXFileReference; lastKnownFileType = sourcecode.c.h; path = PrinterManager.h; sourceTree = "<group>"; };
		A361EACB212F8FBB001ABB7B /* PrinterManager.m */ = {isa = PBXFileReference; lastKnownFileType = sourcecode.c.objc; path = PrinterManager.m; sourceTree = "<group>"; };
		A361EACD212FB44D001ABB7B /* GCDAsyncSocket.m */ = {isa = PBXFileReference; fileEncoding = 4; lastKnownFileType = sourcecode.c.objc; path = GCDAsyncSocket.m; sourceTree = "<group>"; };
		A361EACE212FB44D001ABB7B /* GCDAsyncSocket.h */ = {isa = PBXFileReference; fileEncoding = 4; lastKnownFileType = sourcecode.c.h; path = GCDAsyncSocket.h; sourceTree = "<group>"; };
		A3DB3E8021269D96007A4346 /* libReactNativePrinter.a */ = {isa = PBXFileReference; explicitFileType = archive.ar; includeInIndex = 0; path = libReactNativePrinter.a; sourceTree = BUILT_PRODUCTS_DIR; };
		A3DB3E8321269D96007A4346 /* ReactNativePrinter.h */ = {isa = PBXFileReference; lastKnownFileType = sourcecode.c.h; path = ReactNativePrinter.h; sourceTree = "<group>"; };
		A3DB3E8421269D96007A4346 /* ReactNativePrinter.m */ = {isa = PBXFileReference; lastKnownFileType = sourcecode.c.objc; path = ReactNativePrinter.m; sourceTree = "<group>"; };
/* End PBXFileReference section */

/* Begin PBXFrameworksBuildPhase section */
		A3DB3E7D21269D96007A4346 /* Frameworks */ = {
			isa = PBXFrameworksBuildPhase;
			buildActionMask = 2147483647;
			files = (
			);
			runOnlyForDeploymentPostprocessing = 0;
		};
/* End PBXFrameworksBuildPhase section */

/* Begin PBXGroup section */
		A3DB3E7721269D96007A4346 = {
			isa = PBXGroup;
			children = (
				A3DB3E8221269D96007A4346 /* ReactNativePrinter */,
				A3DB3E8121269D96007A4346 /* Products */,
			);
			sourceTree = "<group>";
		};
		A3DB3E8121269D96007A4346 /* Products */ = {
			isa = PBXGroup;
			children = (
				A3DB3E8021269D96007A4346 /* libReactNativePrinter.a */,
			);
			name = Products;
			sourceTree = "<group>";
		};
		A3DB3E8221269D96007A4346 /* ReactNativePrinter */ = {
			isa = PBXGroup;
			children = (
				A361EACE212FB44D001ABB7B /* GCDAsyncSocket.h */,
				A361EACD212FB44D001ABB7B /* GCDAsyncSocket.m */,
				A3DB3E8321269D96007A4346 /* ReactNativePrinter.h */,
				A3DB3E8421269D96007A4346 /* ReactNativePrinter.m */,
				A361EACA212F8FBB001ABB7B /* PrinterManager.h */,
				A361EACB212F8FBB001ABB7B /* PrinterManager.m */,
			);
			path = ReactNativePrinter;
			sourceTree = "<group>";
		};
/* End PBXGroup section */

/* Begin PBXNativeTarget section */
		A3DB3E7F21269D96007A4346 /* ReactNativePrinter */ = {
			isa = PBXNativeTarget;
			buildConfigurationList = A3DB3E8921269D96007A4346 /* Build configuration list for PBXNativeTarget "ReactNativePrinter" */;
			buildPhases = (
				A3DB3E7C21269D96007A4346 /* Sources */,
				A3DB3E7D21269D96007A4346 /* Frameworks */,
				A3DB3E7E21269D96007A4346 /* CopyFiles */,
			);
			buildRules = (
			);
			dependencies = (
			);
			name = ReactNativePrinter;
			productName = ReactNativePrinter;
			productReference = A3DB3E8021269D96007A4346 /* libReactNativePrinter.a */;
			productType = "com.apple.product-type.library.static";
		};
/* End PBXNativeTarget section */

/* Begin PBXProject section */
		A3DB3E7821269D96007A4346 /* Project object */ = {
			isa = PBXProject;
			attributes = {
				LastUpgradeCheck = 0940;
				ORGANIZATIONNAME = "高宁";
				TargetAttributes = {
					A3DB3E7F21269D96007A4346 = {
						CreatedOnToolsVersion = 9.4.1;
					};
				};
			};
			buildConfigurationList = A3DB3E7B21269D96007A4346 /* Build configuration list for PBXProject "ReactNativePrinter" */;
			compatibilityVersion = "Xcode 9.3";
			developmentRegion = en;
			hasScannedForEncodings = 0;
			knownRegions = (
				en,
			);
			mainGroup = A3DB3E7721269D96007A4346;
			productRefGroup = A3DB3E8121269D96007A4346 /* Products */;
			projectDirPath = "";
			projectRoot = "";
			targets = (
				A3DB3E7F21269D96007A4346 /* ReactNativePrinter */,
			);
		};
/* End PBXProject section */

/* Begin PBXSourcesBuildPhase section */
		A3DB3E7C21269D96007A4346 /* Sources */ = {
			isa = PBXSourcesBuildPhase;
			buildActionMask = 2147483647;
			files = (
				A361EACF212FB44D001ABB7B /* GCDAsyncSocket.m in Sources */,
				A361EACC212F8FBB001ABB7B /* PrinterManager.m in Sources */,
				A3DB3E8521269D96007A4346 /* ReactNativePrinter.m in Sources */,
			);
			runOnlyForDeploymentPostprocessing = 0;
		};
/* End PBXSourcesBuildPhase section */

/* Begin XCBuildConfiguration section */
		A3DB3E8721269D96007A4346 /* Debug */ = {
			isa = XCBuildConfiguration;
			buildSettings = {
				ALWAYS_SEARCH_USER_PATHS = NO;
				CLANG_ANALYZER_NONNULL = YES;
				CLANG_ANALYZER_NUMBER_OBJECT_CONVERSION = YES_AGGRESSIVE;
				CLANG_CXX_LANGUAGE_STANDARD = "gnu++14";
				CLANG_CXX_LIBRARY = "libc++";
				CLANG_ENABLE_MODULES = YES;
				CLANG_ENABLE_OBJC_ARC = YES;
				CLANG_ENABLE_OBJC_WEAK = YES;
				CLANG_WARN_BLOCK_CAPTURE_AUTORELEASING = YES;
				CLANG_WARN_BOOL_CONVERSION = YES;
				CLANG_WARN_COMMA = YES;
				CLANG_WARN_CONSTANT_CONVERSION = YES;
				CLANG_WARN_DEPRECATED_OBJC_IMPLEMENTATIONS = YES;
				CLANG_WARN_DIRECT_OBJC_ISA_USAGE = YES_ERROR;
				CLANG_WARN_DOCUMENTATION_COMMENTS = YES;
				CLANG_WARN_EMPTY_BODY = YES;
				CLANG_WARN_ENUM_CONVERSION = YES;
				CLANG_WARN_INFINITE_RECURSION = YES;
				CLANG_WARN_INT_CONVERSION = YES;
				CLANG_WARN_NON_LITERAL_NULL_CONVERSION = YES;
				CLANG_WARN_OBJC_IMPLICIT_RETAIN_SELF = YES;
				CLANG_WARN_OBJC_LITERAL_CONVERSION = YES;
				CLANG_WARN_OBJC_ROOT_CLASS = YES_ERROR;
				CLANG_WARN_RANGE_LOOP_ANALYSIS = YES;
				CLANG_WARN_STRICT_PROTOTYPES = YES;
				CLANG_WARN_SUSPICIOUS_MOVE = YES;
				CLANG_WARN_UNGUARDED_AVAILABILITY = YES_AGGRESSIVE;
				CLANG_WARN_UNREACHABLE_CODE = YES;
				CLANG_WARN__DUPLICATE_METHOD_MATCH = YES;
				CODE_SIGN_IDENTITY = "iPhone Developer";
				COPY_PHASE_STRIP = NO;
				DEBUG_INFORMATION_FORMAT = dwarf;
				ENABLE_STRICT_OBJC_MSGSEND = YES;
				ENABLE_TESTABILITY = YES;
				GCC_C_LANGUAGE_STANDARD = gnu11;
				GCC_DYNAMIC_NO_PIC = NO;
				GCC_NO_COMMON_BLOCKS = YES;
				GCC_OPTIMIZATION_LEVEL = 0;
				GCC_PREPROCESSOR_DEFINITIONS = (
					"DEBUG=1",
					"$(inherited)",
				);
				GCC_WARN_64_TO_32_BIT_CONVERSION = YES;
				GCC_WARN_ABOUT_RETURN_TYPE = YES_ERROR;
				GCC_WARN_UNDECLARED_SELECTOR = YES;
				GCC_WARN_UNINITIALIZED_AUTOS = YES_AGGRESSIVE;
				GCC_WARN_UNUSED_FUNCTION = YES;
				GCC_WARN_UNUSED_VARIABLE = YES;
				IPHONEOS_DEPLOYMENT_TARGET = 11.4;
				MTL_ENABLE_DEBUG_INFO = YES;
				ONLY_ACTIVE_ARCH = YES;
				SDKROOT = iphoneos;
			};
			name = Debug;
		};
		A3DB3E8821269D96007A4346 /* Release */ = {
			isa = XCBuildConfiguration;
			buildSettings = {
				ALWAYS_SEARCH_USER_PATHS = NO;
				CLANG_ANALYZER_NONNULL = YES;
				CLANG_ANALYZER_NUMBER_OBJECT_CONVERSION = YES_AGGRESSIVE;
				CLANG_CXX_LANGUAGE_STANDARD = "gnu++14";
				CLANG_CXX_LIBRARY = "libc++";
				CLANG_ENABLE_MODULES = YES;
				CLANG_ENABLE_OBJC_ARC = YES;
				CLANG_ENABLE_OBJC_WEAK = YES;
				CLANG_WARN_BLOCK_CAPTURE_AUTORELEASING = YES;
				CLANG_WARN_BOOL_CONVERSION = YES;
				CLANG_WARN_COMMA = YES;
				CLANG_WARN_CONSTANT_CONVERSION = YES;
				CLANG_WARN_DEPRECATED_OBJC_IMPLEMENTATIONS = YES;
				CLANG_WARN_DIRECT_OBJC_ISA_USAGE = YES_ERROR;
				CLANG_WARN_DOCUMENTATION_COMMENTS = YES;
				CLANG_WARN_EMPTY_BODY = YES;
				CLANG_WARN_ENUM_CONVERSION = YES;
				CLANG_WARN_INFINITE_RECURSION = YES;
				CLANG_WARN_INT_CONVERSION = YES;
				CLANG_WARN_NON_LITERAL_NULL_CONVERSION = YES;
				CLANG_WARN_OBJC_IMPLICIT_RETAIN_SELF = YES;
				CLANG_WARN_OBJC_LITERAL_CONVERSION = YES;
				CLANG_WARN_OBJC_ROOT_CLASS = YES_ERROR;
				CLANG_WARN_RANGE_LOOP_ANALYSIS = YES;
				CLANG_WARN_STRICT_PROTOTYPES = YES;
				CLANG_WARN_SUSPICIOUS_MOVE = YES;
				CLANG_WARN_UNGUARDED_AVAILABILITY = YES_AGGRESSIVE;
				CLANG_WARN_UNREACHABLE_CODE = YES;
				CLANG_WARN__DUPLICATE_METHOD_MATCH = YES;
				CODE_SIGN_IDENTITY = "iPhone Developer";
				COPY_PHASE_STRIP = NO;
				DEBUG_INFORMATION_FORMAT = "dwarf-with-dsym";
				ENABLE_NS_ASSERTIONS = NO;
				ENABLE_STRICT_OBJC_MSGSEND = YES;
				GCC_C_LANGUAGE_STANDARD = gnu11;
				GCC_NO_COMMON_BLOCKS = YES;
				GCC_WARN_64_TO_32_BIT_CONVERSION = YES;
				GCC_WARN_ABOUT_RETURN_TYPE = YES_ERROR;
				GCC_WARN_UNDECLARED_SELECTOR = YES;
				GCC_WARN_UNINITIALIZED_AUTOS = YES_AGGRESSIVE;
				GCC_WARN_UNUSED_FUNCTION = YES;
				GCC_WARN_UNUSED_VARIABLE = YES;
				IPHONEOS_DEPLOYMENT_TARGET = 11.4;
				MTL_ENABLE_DEBUG_INFO = NO;
				SDKROOT = iphoneos;
				VALIDATE_PRODUCT = YES;
			};
			name = Release;
		};
		A3DB3E8A21269D96007A4346 /* Debug */ = {
			isa = XCBuildConfiguration;
			buildSettings = {
				CODE_SIGN_STYLE = Automatic;
				HEADER_SEARCH_PATHS = "$(SRCROOT)/../../react-native/React/**";
				OTHER_LDFLAGS = "-ObjC";
				PRODUCT_NAME = "$(TARGET_NAME)";
				SKIP_INSTALL = YES;
				TARGETED_DEVICE_FAMILY = "1,2";
			};
			name = Debug;
		};
		A3DB3E8B21269D96007A4346 /* Release */ = {
			isa = XCBuildConfiguration;
			buildSettings = {
				CODE_SIGN_STYLE = Automatic;
				HEADER_SEARCH_PATHS = "$(SRCROOT)/../../react-native/React/**";
				OTHER_LDFLAGS = "-ObjC";
				PRODUCT_NAME = "$(TARGET_NAME)";
				SKIP_INSTALL = YES;
				TARGETED_DEVICE_FAMILY = "1,2";
			};
			name = Release;
		};
/* End XCBuildConfiguration section */

/* Begin XCConfigurationList section */
		A3DB3E7B21269D96007A4346 /* Build configuration list for PBXProject "ReactNativePrinter" */ = {
			isa = XCConfigurationList;
			buildConfigurations = (
				A3DB3E8721269D96007A4346 /* Debug */,
				A3DB3E8821269D96007A4346 /* Release */,
			);
			defaultConfigurationIsVisible = 0;
			defaultConfigurationName = Release;
		};
		A3DB3E8921269D96007A4346 /* Build configuration list for PBXNativeTarget "ReactNativePrinter" */ = {
			isa = XCConfigurationList;
			buildConfigurations = (
				A3DB3E8A21269D96007A4346 /* Debug */,
				A3DB3E8B21269D96007A4346 /* Release */,
			);
			defaultConfigurationIsVisible = 0;
			defaultConfigurationName = Release;
		};
/* End XCConfigurationList section */
	};
	rootObject = A3DB3E7821269D96007A4346 /* Project object */;
}
